
Microsoft Visual Studio Solution File, Format Version 12.00
# Visual Studio Version 17
VisualStudioVersion = 17.3.32804.467
MinimumVisualStudioVersion = 10.0.40219.1
Project("{FAE04EC0-301F-11D3-BF4B-00C04F79EFBC}") = "AppHarborAspNet5Test", "AppHarborAspNet5Test\AppHarborAspNet5Test.csproj", "{F874FECF-D870-43DC-A762-4FEB9E83C714}"
EndProject
Global
	GlobalSection(SolutionConfigurationPlatforms) = preSolution
		Debug|Any CPU = Debug|Any CPU
		Release|Any CPU = Release|Any CPU
	EndGlobalSection
	GlobalSection(ProjectConfigurationPlatforms) = postSolution
		{F874FECF-D870-43DC-A762-4FEB9E83C714}.Debug|Any CPU.ActiveCfg = Debug|Any CPU
		{F874FECF-D870-43DC-A762-4FEB9E83C714}.Debug|Any CPU.Build.0 = Debug|Any CPU
		{F874FECF-D870-43DC-A762-4FEB9E83C714}.Release|Any CPU.ActiveCfg = Release|Any CPU
		{F874FECF-D870-43DC-A762-4FEB9E83C714}.Release|Any CPU.Build.0 = Release|Any CPU
	EndGlobalSection
	GlobalSection(SolutionProperties) = preSolution
		HideSolutionNode = FALSE
	EndGlobalSection
	GlobalSection(ExtensibilityGlobals) = postSolution
		SolutionGuid = {4E9569DC-8FCE-4B4F-8436-6D3786F7D1B6}
	EndGlobalSection
EndGlobal
