
Microsoft Visual Studio Solution File, Format Version 12.00
# Visual Studio Version 17
VisualStudioVersion = 17.3.32804.467
MinimumVisualStudioVersion = 10.0.40219.1
Project("{FAE04EC0-301F-11D3-BF4B-00C04F79EFBC}") = "AppHarborAspNet5Test", "AppHarborAspNet5Test\AppHarborAspNet5Test.csproj", "{699BC95F-0522-45B2-A273-B487518E11F2}"
EndProject
Global
	GlobalSection(SolutionConfigurationPlatforms) = preSolution
		Debug|Any CPU = Debug|Any CPU
		Release|Any CPU = Release|Any CPU
	EndGlobalSection
	GlobalSection(ProjectConfigurationPlatforms) = postSolution
		{699BC95F-0522-45B2-A273-B487518E11F2}.Debug|Any CPU.ActiveCfg = Debug|Any CPU
		{699BC95F-0522-45B2-A273-B487518E11F2}.Debug|Any CPU.Build.0 = Debug|Any CPU
		{699BC95F-0522-45B2-A273-B487518E11F2}.Release|Any CPU.ActiveCfg = Release|Any CPU
		{699BC95F-0522-45B2-A273-B487518E11F2}.Release|Any CPU.Build.0 = Release|Any CPU
	EndGlobalSection
	GlobalSection(SolutionProperties) = preSolution
		HideSolutionNode = FALSE
	EndGlobalSection
	GlobalSection(ExtensibilityGlobals) = postSolution
		SolutionGuid = {EB5DF6FA-E3B1-42D0-88A8-6904235C35B9}
	EndGlobalSection
EndGlobal
